
Microsoft Visual Studio Solution File, Format Version 12.00
# Visual Studio Version 16
VisualStudioVersion = 16.0.30611.23
MinimumVisualStudioVersion = 10.0.40219.1
Project("{9A19103F-16F7-4668-BE54-9A1E7A4F7556}") = "CustomerManagementService", "CustomerManagementService\CustomerManagementService.csproj", "{F507DD97-985D-443F-A08C-D584D4BE9A4D}"
EndProject
Project("{9A19103F-16F7-4668-BE54-9A1E7A4F7556}") = "CustomerManagementService.Model", "CustomerManagementService.Model\CustomerManagementService.Model.csproj", "{A59B0DF3-0203-4A5C-87D5-BDCAFA386DE2}"
EndProject
Project("{2150E333-8FDC-42A3-9474-1A3956D46DE8}") = "Solution Items", "Solution Items", "{18E68A8C-765B-4F9B-83E9-71C41A2F1718}"
	ProjectSection(SolutionItems) = preProject
		.gitignore = .gitignore
	EndProjectSection
EndProject
Project("{FAE04EC0-301F-11D3-BF4B-00C04F79EFBC}") = "CustomerManagementService.ViewModels", "CustomerManagementService.Abstractions\CustomerManagementService.ViewModels.csproj", "{9C932180-A3B4-460A-AC94-E8BB6042C72E}"
EndProject
Project("{FAE04EC0-301F-11D3-BF4B-00C04F79EFBC}") = "CustomerManagement.Abstractions", "CustomerManagement.Abstractions\CustomerManagement.Abstractions.csproj", "{6D3E5617-85B1-48EF-B33E-897DFDE5F5BB}"
EndProject
Global
	GlobalSection(SolutionConfigurationPlatforms) = preSolution
		Debug|Any CPU = Debug|Any CPU
		Release|Any CPU = Release|Any CPU
	EndGlobalSection
	GlobalSection(ProjectConfigurationPlatforms) = postSolution
		{F507DD97-985D-443F-A08C-D584D4BE9A4D}.Debug|Any CPU.ActiveCfg = Debug|Any CPU
		{F507DD97-985D-443F-A08C-D584D4BE9A4D}.Debug|Any CPU.Build.0 = Debug|Any CPU
		{F507DD97-985D-443F-A08C-D584D4BE9A4D}.Release|Any CPU.ActiveCfg = Release|Any CPU
		{F507DD97-985D-443F-A08C-D584D4BE9A4D}.Release|Any CPU.Build.0 = Release|Any CPU
		{A59B0DF3-0203-4A5C-87D5-BDCAFA386DE2}.Debug|Any CPU.ActiveCfg = Debug|Any CPU
		{A59B0DF3-0203-4A5C-87D5-BDCAFA386DE2}.Debug|Any CPU.Build.0 = Debug|Any CPU
		{A59B0DF3-0203-4A5C-87D5-BDCAFA386DE2}.Release|Any CPU.ActiveCfg = Release|Any CPU
		{A59B0DF3-0203-4A5C-87D5-BDCAFA386DE2}.Release|Any CPU.Build.0 = Release|Any CPU
		{9C932180-A3B4-460A-AC94-E8BB6042C72E}.Debug|Any CPU.ActiveCfg = Debug|Any CPU
		{9C932180-A3B4-460A-AC94-E8BB6042C72E}.Debug|Any CPU.Build.0 = Debug|Any CPU
		{9C932180-A3B4-460A-AC94-E8BB6042C72E}.Release|Any CPU.ActiveCfg = Release|Any CPU
		{9C932180-A3B4-460A-AC94-E8BB6042C72E}.Release|Any CPU.Build.0 = Release|Any CPU
		{6D3E5617-85B1-48EF-B33E-897DFDE5F5BB}.Debug|Any CPU.ActiveCfg = Debug|Any CPU
		{6D3E5617-85B1-48EF-B33E-897DFDE5F5BB}.Debug|Any CPU.Build.0 = Debug|Any CPU
		{6D3E5617-85B1-48EF-B33E-897DFDE5F5BB}.Release|Any CPU.ActiveCfg = Release|Any CPU
		{6D3E5617-85B1-48EF-B33E-897DFDE5F5BB}.Release|Any CPU.Build.0 = Release|Any CPU
	EndGlobalSection
	GlobalSection(SolutionProperties) = preSolution
		HideSolutionNode = FALSE
	EndGlobalSection
	GlobalSection(ExtensibilityGlobals) = postSolution
		SolutionGuid = {07E21377-D060-44B9-9511-E8A5D31F5A39}
	EndGlobalSection
EndGlobal
